
Microsoft Visual Studio Solution File, Format Version 11.00
# Visual Studio 2010
Project("{FAE04EC0-301F-11D3-BF4B-00C04F79EFBC}") = "MapSnapshotDemo", "MapSnapshotDemo\MapSnapshotDemo.csproj", "{3A4B6557-BB78-491F-8C13-109AC5F81209}"
EndProject
Global
	GlobalSection(SolutionConfigurationPlatforms) = preSolution
		Debug|iPhoneSimulator = Debug|iPhoneSimulator
		Release|iPhoneSimulator = Release|iPhoneSimulator
		Debug|iPhone = Debug|iPhone
		Release|iPhone = Release|iPhone
		Ad-Hoc|iPhone = Ad-Hoc|iPhone
		AppStore|iPhone = AppStore|iPhone
	EndGlobalSection
	GlobalSection(ProjectConfigurationPlatforms) = postSolution
		{3A4B6557-BB78-491F-8C13-109AC5F81209}.Ad-Hoc|iPhone.ActiveCfg = Ad-Hoc|iPhone
		{3A4B6557-BB78-491F-8C13-109AC5F81209}.Ad-Hoc|iPhone.Build.0 = Ad-Hoc|iPhone
		{3A4B6557-BB78-491F-8C13-109AC5F81209}.AppStore|iPhone.ActiveCfg = AppStore|iPhone
		{3A4B6557-BB78-491F-8C13-109AC5F81209}.AppStore|iPhone.Build.0 = AppStore|iPhone
		{3A4B6557-BB78-491F-8C13-109AC5F81209}.Debug|iPhone.ActiveCfg = Debug|iPhone
		{3A4B6557-BB78-491F-8C13-109AC5F81209}.Debug|iPhone.Build.0 = Debug|iPhone
		{3A4B6557-BB78-491F-8C13-109AC5F81209}.Debug|iPhoneSimulator.ActiveCfg = Debug|iPhoneSimulator
		{3A4B6557-BB78-491F-8C13-109AC5F81209}.Debug|iPhoneSimulator.Build.0 = Debug|iPhoneSimulator
		{3A4B6557-BB78-491F-8C13-109AC5F81209}.Release|iPhone.ActiveCfg = Release|iPhone
		{3A4B6557-BB78-491F-8C13-109AC5F81209}.Release|iPhone.Build.0 = Release|iPhone
		{3A4B6557-BB78-491F-8C13-109AC5F81209}.Release|iPhoneSimulator.ActiveCfg = Release|iPhoneSimulator
		{3A4B6557-BB78-491F-8C13-109AC5F81209}.Release|iPhoneSimulator.Build.0 = Release|iPhoneSimulator
	EndGlobalSection
	GlobalSection(MonoDevelopProperties) = preSolution
		StartupItem = MapSnapshotDemo\MapSnapshotDemo.csproj
	EndGlobalSection
EndGlobal
